
Microsoft Visual Studio Solution File, Format Version 12.00
# Visual Studio Version 17
VisualStudioVersion = 17.7.34221.43
MinimumVisualStudioVersion = 10.0.40219.1
Project("{9A19103F-16F7-4668-BE54-9A1E7A4F7556}") = "Book.Core", "Core\Book.Core.csproj", "{F4302FDD-2FED-409E-ACC8-AF60740AA413}"
EndProject
Project("{9A19103F-16F7-4668-BE54-9A1E7A4F7556}") = "Book.Infrastructure", "Infrastructure\Book.Infrastructure.csproj", "{78C39297-6FEC-4A51-ADE6-9F53D514FA3F}"
EndProject
Project("{9A19103F-16F7-4668-BE54-9A1E7A4F7556}") = "Book.Application", "Application\Book.Application.csproj", "{9EC69F93-1137-4F97-8BD0-E4D952DB07C4}"
EndProject
Project("{9A19103F-16F7-4668-BE54-9A1E7A4F7556}") = "Book.API", "API\Book.API.csproj", "{31A572D7-318D-4695-9E70-BBAE5DF518AD}"
EndProject
Project("{2150E333-8FDC-42A3-9474-1A3956D46DE8}") = "BookService", "BookService", "{A3809CA8-DB89-43E3-8EF5-B98D6ACDF70E}"
EndProject
Project("{2150E333-8FDC-42A3-9474-1A3956D46DE8}") = "IdentityService", "IdentityService", "{F79FFFF5-10C8-4D4D-B9BA-155B87BA96AB}"
EndProject
Project("{9A19103F-16F7-4668-BE54-9A1E7A4F7556}") = "Identity.API", "Identity.API\Identity.API.csproj", "{C1CF8468-869A-4E69-A4D4-5415E500717F}"
EndProject
Project("{FAE04EC0-301F-11D3-BF4B-00C04F79EFBC}") = "Identity.Core", "Identity.Core\Identity.Core.csproj", "{71592171-DE8E-4EA9-86D5-44EDBECED7C1}"
EndProject
Project("{FAE04EC0-301F-11D3-BF4B-00C04F79EFBC}") = "Identity.Infrastructure", "Identity.Infrastructure\Identity.Infrastructure.csproj", "{1BD57BC8-46FF-4698-888E-F83D8DB48F3B}"
EndProject
Project("{FAE04EC0-301F-11D3-BF4B-00C04F79EFBC}") = "Identity.Application", "Identity.Application\Identity.Application.csproj", "{8E134A41-4220-4D59-A895-30CEE0C10FB0}"
EndProject
Global
	GlobalSection(SolutionConfigurationPlatforms) = preSolution
		Debug|Any CPU = Debug|Any CPU
		Release|Any CPU = Release|Any CPU
	EndGlobalSection
	GlobalSection(ProjectConfigurationPlatforms) = postSolution
		{F4302FDD-2FED-409E-ACC8-AF60740AA413}.Debug|Any CPU.ActiveCfg = Debug|Any CPU
		{F4302FDD-2FED-409E-ACC8-AF60740AA413}.Debug|Any CPU.Build.0 = Debug|Any CPU
		{F4302FDD-2FED-409E-ACC8-AF60740AA413}.Release|Any CPU.ActiveCfg = Release|Any CPU
		{F4302FDD-2FED-409E-ACC8-AF60740AA413}.Release|Any CPU.Build.0 = Release|Any CPU
		{78C39297-6FEC-4A51-ADE6-9F53D514FA3F}.Debug|Any CPU.ActiveCfg = Debug|Any CPU
		{78C39297-6FEC-4A51-ADE6-9F53D514FA3F}.Debug|Any CPU.Build.0 = Debug|Any CPU
		{78C39297-6FEC-4A51-ADE6-9F53D514FA3F}.Release|Any CPU.ActiveCfg = Release|Any CPU
		{78C39297-6FEC-4A51-ADE6-9F53D514FA3F}.Release|Any CPU.Build.0 = Release|Any CPU
		{9EC69F93-1137-4F97-8BD0-E4D952DB07C4}.Debug|Any CPU.ActiveCfg = Debug|Any CPU
		{9EC69F93-1137-4F97-8BD0-E4D952DB07C4}.Debug|Any CPU.Build.0 = Debug|Any CPU
		{9EC69F93-1137-4F97-8BD0-E4D952DB07C4}.Release|Any CPU.ActiveCfg = Release|Any CPU
		{9EC69F93-1137-4F97-8BD0-E4D952DB07C4}.Release|Any CPU.Build.0 = Release|Any CPU
		{31A572D7-318D-4695-9E70-BBAE5DF518AD}.Debug|Any CPU.ActiveCfg = Debug|Any CPU
		{31A572D7-318D-4695-9E70-BBAE5DF518AD}.Debug|Any CPU.Build.0 = Debug|Any CPU
		{31A572D7-318D-4695-9E70-BBAE5DF518AD}.Release|Any CPU.ActiveCfg = Release|Any CPU
		{31A572D7-318D-4695-9E70-BBAE5DF518AD}.Release|Any CPU.Build.0 = Release|Any CPU
		{C1CF8468-869A-4E69-A4D4-5415E500717F}.Debug|Any CPU.ActiveCfg = Debug|Any CPU
		{C1CF8468-869A-4E69-A4D4-5415E500717F}.Debug|Any CPU.Build.0 = Debug|Any CPU
		{C1CF8468-869A-4E69-A4D4-5415E500717F}.Release|Any CPU.ActiveCfg = Release|Any CPU
		{C1CF8468-869A-4E69-A4D4-5415E500717F}.Release|Any CPU.Build.0 = Release|Any CPU
		{71592171-DE8E-4EA9-86D5-44EDBECED7C1}.Debug|Any CPU.ActiveCfg = Debug|Any CPU
		{71592171-DE8E-4EA9-86D5-44EDBECED7C1}.Debug|Any CPU.Build.0 = Debug|Any CPU
		{71592171-DE8E-4EA9-86D5-44EDBECED7C1}.Release|Any CPU.ActiveCfg = Release|Any CPU
		{71592171-DE8E-4EA9-86D5-44EDBECED7C1}.Release|Any CPU.Build.0 = Release|Any CPU
		{1BD57BC8-46FF-4698-888E-F83D8DB48F3B}.Debug|Any CPU.ActiveCfg = Debug|Any CPU
		{1BD57BC8-46FF-4698-888E-F83D8DB48F3B}.Debug|Any CPU.Build.0 = Debug|Any CPU
		{1BD57BC8-46FF-4698-888E-F83D8DB48F3B}.Release|Any CPU.ActiveCfg = Release|Any CPU
		{1BD57BC8-46FF-4698-888E-F83D8DB48F3B}.Release|Any CPU.Build.0 = Release|Any CPU
		{8E134A41-4220-4D59-A895-30CEE0C10FB0}.Debug|Any CPU.ActiveCfg = Debug|Any CPU
		{8E134A41-4220-4D59-A895-30CEE0C10FB0}.Debug|Any CPU.Build.0 = Debug|Any CPU
		{8E134A41-4220-4D59-A895-30CEE0C10FB0}.Release|Any CPU.ActiveCfg = Release|Any CPU
		{8E134A41-4220-4D59-A895-30CEE0C10FB0}.Release|Any CPU.Build.0 = Release|Any CPU
	EndGlobalSection
	GlobalSection(SolutionProperties) = preSolution
		HideSolutionNode = FALSE
	EndGlobalSection
	GlobalSection(NestedProjects) = preSolution
		{F4302FDD-2FED-409E-ACC8-AF60740AA413} = {A3809CA8-DB89-43E3-8EF5-B98D6ACDF70E}
		{78C39297-6FEC-4A51-ADE6-9F53D514FA3F} = {A3809CA8-DB89-43E3-8EF5-B98D6ACDF70E}
		{9EC69F93-1137-4F97-8BD0-E4D952DB07C4} = {A3809CA8-DB89-43E3-8EF5-B98D6ACDF70E}
		{31A572D7-318D-4695-9E70-BBAE5DF518AD} = {A3809CA8-DB89-43E3-8EF5-B98D6ACDF70E}
		{C1CF8468-869A-4E69-A4D4-5415E500717F} = {F79FFFF5-10C8-4D4D-B9BA-155B87BA96AB}
		{71592171-DE8E-4EA9-86D5-44EDBECED7C1} = {F79FFFF5-10C8-4D4D-B9BA-155B87BA96AB}
		{1BD57BC8-46FF-4698-888E-F83D8DB48F3B} = {F79FFFF5-10C8-4D4D-B9BA-155B87BA96AB}
		{8E134A41-4220-4D59-A895-30CEE0C10FB0} = {F79FFFF5-10C8-4D4D-B9BA-155B87BA96AB}
	EndGlobalSection
	GlobalSection(ExtensibilityGlobals) = postSolution
		SolutionGuid = {0F066CC7-1823-41CD-A991-B52EFEDCF2BA}
	EndGlobalSection
EndGlobal
